Microsoft Visual Studio Solution File, Format Version 12.00
# Visual Studio Version 17
VisualStudioVersion = 17.5.2.0
MinimumVisualStudioVersion = 10.0.40219.1
Project("{FAE04EC0-301F-11D3-BF4-00C04F79EFBC}") = "Sciendo.Music.Tagging", "Sciendo.Music.Tagging\Sciendo.Music.Tagging.csproj", "{2F8C2A5E-F036-7AEF-C89C-AC00798BA37C}"
EndProject
Project("{FAE04EC0-301F-11D3-BF4-00C04F79EFBC}") = "Sciendo.Junk.Detect.Library", "Sciendo.Junk.Detect.Library\Sciendo.Junk.Detect.Library.csproj", "{E29E13CE-6750-43A0-95DC-B31F1E740E36}"
EndProject
Global
	GlobalSection(SolutionConfigurationPlatforms) = preSolution
		Debug|Any CPU = Debug|Any CPU
		Debug|x64 = Debug|x64
		Debug|x86 = Debug|x86
		Release|Any CPU = Release|Any CPU
		Release|x64 = Release|x64
		Release|x86 = Release|x86
	EndGlobalSection
	GlobalSection(ProjectConfigurationPlatforms) = postSolution
		{2F8C2A5E-F036-7AEF-C89C-AC00798BA37C}.Debug|Any CPU.ActiveCfg = Debug|Any CPU
		{2F8C2A5E-F036-7AEF-C89C-AC00798BA37C}.Debug|Any CPU.Build.0 = Debug|Any CPU
		{2F8C2A5E-F036-7AEF-C89C-AC00798BA37C}.Debug|x64.ActiveCfg = Debug|Any CPU
		{2F8C2A5E-F036-7AEF-C89C-AC00798BA37C}.Debug|x64.Build.0 = Debug|Any CPU
		{2F8C2A5E-F036-7AEF-C89C-AC00798BA37C}.Debug|x86.ActiveCfg = Debug|Any CPU
		{2F8C2A5E-F036-7AEF-C89C-AC00798BA37C}.Debug|x86.Build.0 = Debug|Any CPU
		{2F8C2A5E-F036-7AEF-C89C-AC00798BA37C}.Release|Any CPU.ActiveCfg = Release|Any CPU
		{2F8C2A5E-F036-7AEF-C89C-AC00798BA37C}.Release|Any CPU.Build.0 = Release|Any CPU
		{2F8C2A5E-F036-7AEF-C89C-AC00798BA37C}.Release|x64.ActiveCfg = Release|Any CPU
		{2F8C2A5E-F036-7AEF-C89C-AC00798BA37C}.Release|x64.Build.0 = Release|Any CPU
		{2F8C2A5E-F036-7AEF-C89C-AC00798BA37C}.Release|x86.ActiveCfg = Release|Any CPU
		{2F8C2A5E-F036-7AEF-C89C-AC00798BA37C}.Release|x86.Build.0 = Release|Any CPU
		{E29E13CE-6750-43A0-95DC-B31F1E740E36}.Debug|Any CPU.ActiveCfg = Debug|Any CPU
		{E29E13CE-6750-43A0-95DC-B31F1E740E36}.Debug|Any CPU.Build.0 = Debug|Any CPU
		{E29E13CE-6750-43A0-95DC-B31F1E740E36}.Debug|x64.ActiveCfg = Debug|Any CPU
		{E29E13CE-6750-43A0-95DC-B31F1E740E36}.Debug|x64.Build.0 = Debug|Any CPU
		{E29E13CE-6750-43A0-95DC-B31F1E740E36}.Debug|x86.ActiveCfg = Debug|Any CPU
		{E29E13CE-6750-43A0-95DC-B31F1E740E36}.Debug|x86.Build.0 = Debug|Any CPU
		{E29E13CE-6750-43A0-95DC-B31F1E740E36}.Release|Any CPU.ActiveCfg = Release|Any CPU
		{E29E13CE-6750-43A0-95DC-B31F1E740E36}.Release|Any CPU.Build.0 = Release|Any CPU
		{E29E13CE-6750-43A0-95DC-B31F1E740E36}.Release|x64.ActiveCfg = Release|Any CPU
		{E29E13CE-6750-43A0-95DC-B31F1E740E36}.Release|x64.Build.0 = Release|Any CPU
		{E29E13CE-6750-43A0-95DC-B31F1E740E36}.Release|x86.ActiveCfg = Release|Any CPU
		{E29E13CE-6750-43A0-95DC-B31F1E740E36}.Release|x86.Build.0 = Release|Any CPU
	EndGlobalSection
	GlobalSection(SolutionProperties) = preSolution
		HideSolutionNode = FALSE
	EndGlobalSection
	GlobalSection(ExtensibilityGlobals) = postSolution
		SolutionGuid = {4243C998-CB47-440D-AEB4-D82F4385873D}
	EndGlobalSection
EndGlobal
